// !$*UTF8*$!
{
	archiveVersion = 1;
	classes = {
	};
	objectVersion = 46;
	objects = {

/* Begin PBXBuildFile section */
		5784AA1E1CEFFE0B00A091E8 /* main.cpp in Sources */ = {isa = PBXBuildFile; fileRef = 5784AA1D1CEFFE0B00A091E8 /* main.cpp */; };
		5784AA271CEFFF4800A091E8 /* Calculator.cpp in Sources */ = {isa = PBXBuildFile; fileRef = 5784AA241CEFFF4800A091E8 /* Calculator.cpp */; };
/* End PBXBuildFile section */

/* Begin PBXCopyFilesBuildPhase section */
		5784AA181CEFFE0B00A091E8 /* CopyFiles */ = {
			isa = PBXCopyFilesBuildPhase;
			buildActionMask = 2147483647;
			dstPath = /usr/share/man/man1/;
			dstSubfolderSpec = 0;
			files = (
			);
			runOnlyForDeploymentPostprocessing = 1;
		};
/* End PBXCopyFilesBuildPhase section */

/* Begin PBXFileReference section */
		5784AA1A1CEFFE0B00A091E8 /* c++ exercise Calculator */ = {isa = PBXFileReference; explicitFileType = "compiled.mach-o.executable"; includeInIndex = 0; path = "c++ exercise Calculator"; sourceTree = BUILT_PRODUCTS_DIR; };
		5784AA1D1CEFFE0B00A091E8 /* main.cpp */ = {isa = PBXFileReference; lastKnownFileType = sourcecode.cpp.cpp; path = main.cpp; sourceTree = "<group>"; };
		5784AA241CEFFF4800A091E8 /* Calculator.cpp */ = {isa = PBXFileReference; fileEncoding = 4; lastKnownFileType = sourcecode.cpp.cpp; path = Calculator.cpp; sourceTree = "<group>"; };
		5784AA251CEFFF4800A091E8 /* Calculator.hpp */ = {isa = PBXFileReference; fileEncoding = 4; lastKnownFileType = sourcecode.cpp.h; path = Calculator.hpp; sourceTree = "<group>"; };
		5784AA261CEFFF4800A091E8 /* Operator.hpp */ = {isa = PBXFileReference; fileEncoding = 4; lastKnownFileType = sourcecode.cpp.h; path = Operator.hpp; sourceTree = "<group>"; };
/* End PBXFileReference section */

/* Begin PBXFrameworksBuildPhase section */
		5784AA171CEFFE0B00A091E8 /* Frameworks */ = {
			isa = PBXFrameworksBuildPhase;
			buildActionMask = 2147483647;
			files = (
			);
			runOnlyForDeploymentPostprocessing = 0;
		};
/* End PBXFrameworksBuildPhase section */

/* Begin PBXGroup section */
		5784AA111CEFFE0B00A091E8 = {
			isa = PBXGroup;
			children = (
				5784AA1C1CEFFE0B00A091E8 /* c++ exercise Calculator */,
				5784AA1B1CEFFE0B00A091E8 /* Products */,
			);
			sourceTree = "<group>";
		};
		5784AA1B1CEFFE0B00A091E8 /* Products */ = {
			isa = PBXGroup;
			children = (
				5784AA1A1CEFFE0B00A091E8 /* c++ exercise Calculator */,
			);
			name = Products;
			sourceTree = "<group>";
		};
		5784AA1C1CEFFE0B00A091E8 /* c++ exercise Calculator */ = {
			isa = PBXGroup;
			children = (
				5784AA1D1CEFFE0B00A091E8 /* main.cpp */,
				5784AA241CEFFF4800A091E8 /* Calculator.cpp */,
				5784AA251CEFFF4800A091E8 /* Calculator.hpp */,
				5784AA261CEFFF4800A091E8 /* Operator.hpp */,
			);
			path = "c++ exercise Calculator";
			sourceTree = "<group>";
		};
/* End PBXGroup section */

/* Begin PBXNativeTarget section */
		5784AA191CEFFE0B00A091E8 /* c++ exercise Calculator */ = {
			isa = PBXNativeTarget;
			buildConfigurationList = 5784AA211CEFFE0B00A091E8 /* Build configuration list for PBXNativeTarget "c++ exercise Calculator" */;
			buildPhases = (
				5784AA161CEFFE0B00A091E8 /* Sources */,
				5784AA171CEFFE0B00A091E8 /* Frameworks */,
				5784AA181CEFFE0B00A091E8 /* CopyFiles */,
			);
			buildRules = (
			);
			dependencies = (
			);
			name = "c++ exercise Calculator";
			productName = "c++ exercise Calculator";
			productReference = 5784AA1A1CEFFE0B00A091E8 /* c++ exercise Calculator */;
			productType = "com.apple.product-type.tool";
		};
/* End PBXNativeTarget section */

/* Begin PBXProject section */
		5784AA121CEFFE0B00A091E8 /* Project object */ = {
			isa = PBXProject;
			attributes = {
				LastUpgradeCheck = 0710;
				ORGANIZATIONNAME = "卢以宁";
				TargetAttributes = {
					5784AA191CEFFE0B00A091E8 = {
						CreatedOnToolsVersion = 7.1.1;
					};
				};
			};
			buildConfigurationList = 5784AA151CEFFE0B00A091E8 /* Build configuration list for PBXProject "c++ exercise Calculator" */;
			compatibilityVersion = "Xcode 3.2";
			developmentRegion = English;
			hasScannedForEncodings = 0;
			knownRegions = (
				en,
			);
			mainGroup = 5784AA111CEFFE0B00A091E8;
			productRefGroup = 5784AA1B1CEFFE0B00A091E8 /* Products */;
			projectDirPath = "";
			projectRoot = "";
			targets = (
				5784AA191CEFFE0B00A091E8 /* c++ exercise Calculator */,
			);
		};
/* End PBXProject section */

/* Begin PBXSourcesBuildPhase section */
		5784AA161CEFFE0B00A091E8 /* Sources */ = {
			isa = PBXSourcesBuildPhase;
			buildActionMask = 2147483647;
			files = (
				5784AA1E1CEFFE0B00A091E8 /* main.cpp in Sources */,
				5784AA271CEFFF4800A091E8 /* Calculator.cpp in Sources */,
			);
			runOnlyForDeploymentPostprocessing = 0;
		};
/* End PBXSourcesBuildPhase section */

/* Begin XCBuildConfiguration section */
		5784AA1F1CEFFE0B00A091E8 /* Debug */ = {
			isa = XCBuildConfiguration;
			buildSettings = {
				ALWAYS_SEARCH_USER_PATHS = NO;
				CLANG_CXX_LANGUAGE_STANDARD = "gnu++0x";
				CLANG_CXX_LIBRARY = "libc++";
				CLANG_ENABLE_MODULES = YES;
				CLANG_ENABLE_OBJC_ARC = YES;
				CLANG_WARN_BOOL_CONVERSION = YES;
				CLANG_WARN_CONSTANT_CONVERSION = YES;
				CLANG_WARN_DIRECT_OBJC_ISA_USAGE = YES_ERROR;
				CLANG_WARN_EMPTY_BODY = YES;
				CLANG_WARN_ENUM_CONVERSION = YES;
				CLANG_WARN_INT_CONVERSION = YES;
				CLANG_WARN_OBJC_ROOT_CLASS = YES_ERROR;
				CLANG_WARN_UNREACHABLE_CODE = YES;
				CLANG_WARN__DUPLICATE_METHOD_MATCH = YES;
				CODE_SIGN_IDENTITY = "-";
				COPY_PHASE_STRIP = NO;
				DEBUG_INFORMATION_FORMAT = dwarf;
				ENABLE_STRICT_OBJC_MSGSEND = YES;
				ENABLE_TESTABILITY = YES;
				GCC_C_LANGUAGE_STANDARD = gnu99;
				GCC_DYNAMIC_NO_PIC = NO;
				GCC_NO_COMMON_BLOCKS = YES;
				GCC_OPTIMIZATION_LEVEL = 0;
				GCC_PREPROCESSOR_DEFINITIONS = (
					"DEBUG=1",
					"$(inherited)",
				);
				GCC_WARN_64_TO_32_BIT_CONVERSION = YES;
				GCC_WARN_ABOUT_RETURN_TYPE = YES_ERROR;
				GCC_WARN_UNDECLARED_SELECTOR = YES;
				GCC_WARN_UNINITIALIZED_AUTOS = YES_AGGRESSIVE;
				GCC_WARN_UNUSED_FUNCTION = YES;
				GCC_WARN_UNUSED_VARIABLE = YES;
				MACOSX_DEPLOYMENT_TARGET = 10.10;
				MTL_ENABLE_DEBUG_INFO = YES;
				ONLY_ACTIVE_ARCH = YES;
				SDKROOT = macosx;
			};
			name = Debug;
		};
		5784AA201CEFFE0B00A091E8 /* Release */ = {
			isa = XCBuildConfiguration;
			buildSettings = {
				ALWAYS_SEARCH_USER_PATHS = NO;
				CLANG_CXX_LANGUAGE_STANDARD = "gnu++0x";
				CLANG_CXX_LIBRARY = "libc++";
				CLANG_ENABLE_MODULES = YES;
				CLANG_ENABLE_OBJC_ARC = YES;
				CLANG_WARN_BOOL_CONVERSION = YES;
				CLANG_WARN_CONSTANT_CONVERSION = YES;
				CLANG_WARN_DIRECT_OBJC_ISA_USAGE = YES_ERROR;
				CLANG_WARN_EMPTY_BODY = YES;
				CLANG_WARN_ENUM_CONVERSION = YES;
				CLANG_WARN_INT_CONVERSION = YES;
				CLANG_WARN_OBJC_ROOT_CLASS = YES_ERROR;
				CLANG_WARN_UNREACHABLE_CODE = YES;
				CLANG_WARN__DUPLICATE_METHOD_MATCH = YES;
				CODE_SIGN_IDENTITY = "-";
				COPY_PHASE_STRIP = NO;
				DEBUG_INFORMATION_FORMAT = "dwarf-with-dsym";
				ENABLE_NS_ASSERTIONS = NO;
				ENABLE_STRICT_OBJC_MSGSEND = YES;
				GCC_C_LANGUAGE_STANDARD = gnu99;
				GCC_NO_COMMON_BLOCKS = YES;
				GCC_WARN_64_TO_32_BIT_CONVERSION = YES;
				GCC_WARN_ABOUT_RETURN_TYPE = YES_ERROR;
				GCC_WARN_UNDECLARED_SELECTOR = YES;
				GCC_WARN_UNINITIALIZED_AUTOS = YES_AGGRESSIVE;
				GCC_WARN_UNUSED_FUNCTION = YES;
				GCC_WARN_UNUSED_VARIABLE = YES;
				MACOSX_DEPLOYMENT_TARGET = 10.10;
				MTL_ENABLE_DEBUG_INFO = NO;
				SDKROOT = macosx;
			};
			name = Release;
		};
		5784AA221CEFFE0B00A091E8 /* Debug */ = {
			isa = XCBuildConfiguration;
			buildSettings = {
				PRODUCT_NAME = "$(TARGET_NAME)";
			};
			name = Debug;
		};
		5784AA231CEFFE0B00A091E8 /* Release */ = {
			isa = XCBuildConfiguration;
			buildSettings = {
				PRODUCT_NAME = "$(TARGET_NAME)";
			};
			name = Release;
		};
/* End XCBuildConfiguration section */

/* Begin XCConfigurationList section */
		5784AA151CEFFE0B00A091E8 /* Build configuration list for PBXProject "c++ exercise Calculator" */ = {
			isa = XCConfigurationList;
			buildConfigurations = (
				5784AA1F1CEFFE0B00A091E8 /* Debug */,
				5784AA201CEFFE0B00A091E8 /* Release */,
			);
			defaultConfigurationIsVisible = 0;
			defaultConfigurationName = Release;
		};
		5784AA211CEFFE0B00A091E8 /* Build configuration list for PBXNativeTarget "c++ exercise Calculator" */ = {
			isa = XCConfigurationList;
			buildConfigurations = (
				5784AA221CEFFE0B00A091E8 /* Debug */,
				5784AA231CEFFE0B00A091E8 /* Release */,
			);
			defaultConfigurationIsVisible = 0;
		};
/* End XCConfigurationList section */
	};
	rootObject = 5784AA121CEFFE0B00A091E8 /* Project object */;
}
